
Microsoft Visual Studio Solution File, Format Version 12.00
# Visual Studio Version 17
VisualStudioVersion = 17.0.32112.339
MinimumVisualStudioVersion = 10.0.40219.1
Project("{FAE04EC0-301F-11D3-BF4B-00C04F79EFBC}") = "baliresto", "baliresto\baliresto.csproj", "{6796B567-9F23-4AB5-9BA8-C0A4438B06F6}"
EndProject
Global
	GlobalSection(SolutionConfigurationPlatforms) = preSolution
		Debug|Any CPU = Debug|Any CPU
		Release|Any CPU = Release|Any CPU
	EndGlobalSection
	GlobalSection(ProjectConfigurationPlatforms) = postSolution
		{6796B567-9F23-4AB5-9BA8-C0A4438B06F6}.Debug|Any CPU.ActiveCfg = Debug|Any CPU
		{6796B567-9F23-4AB5-9BA8-C0A4438B06F6}.Release|Any CPU.ActiveCfg = Release|Any CPU
		{6796B567-9F23-4AB5-9BA8-C0A4438B06F6}.Release|Any CPU.Build.0 = Release|Any CPU
	EndGlobalSection
	GlobalSection(SolutionProperties) = preSolution
		HideSolutionNode = FALSE
	EndGlobalSection
	GlobalSection(ExtensibilityGlobals) = postSolution
		SolutionGuid = {0B91F333-4713-428D-AC13-4550B643AD42}
	EndGlobalSection
EndGlobal
